dependencies:
- name: postgresql
  repository: https://charts.bitnami.com/bitnami
  version: 15.5.38
- name: redis
  repository: https://charts.bitnami.com/bitnami
  version: 19.6.4
digest: sha256:42a8a2b99bf4674901ab22681a39c37496d2066f1a7f9430d5efdb9534d283d9
generated: "2026-01-17T20:39:48.5414414+09:00"
